
Microsoft Visual Studio Solution File, Format Version 12.00
# Visual Studio 2017
Project("{FAE04EC0-301F-11D3-BF4B-00C04F79EFBC}") = "Kursach", "Kursach.csproj", "{08DD63CD-26FF-7892-6BB6-024D8F65B59E}"
EndProject
Global
	GlobalSection(SolutionConfigurationPlatforms) = preSolution
		Debug|Any CPU = Debug|Any CPU
		Release|Any CPU = Release|Any CPU
	EndGlobalSection
	GlobalSection(ProjectConfigurationPlatforms) = postSolution
		{08DD63CD-26FF-7892-6BB6-024D8F65B59E}.Debug|Any CPU.ActiveCfg = Debug|Any CPU
		{08DD63CD-26FF-7892-6BB6-024D8F65B59E}.Debug|Any CPU.Build.0 = Debug|Any CPU
		{08DD63CD-26FF-7892-6BB6-024D8F65B59E}.Release|Any CPU.ActiveCfg = Release|Any CPU
		{08DD63CD-26FF-7892-6BB6-024D8F65B59E}.Release|Any CPU.Build.0 = Release|Any CPU
	EndGlobalSection
	GlobalSection(SolutionProperties) = preSolution
		HideSolutionNode = FALSE
	EndGlobalSection
EndGlobal
